
Microsoft Visual Studio Solution File, Format Version 12.00
# Visual Studio Version 17
VisualStudioVersion = 17.2.32602.215
MinimumVisualStudioVersion = 10.0.40219.1
Project("{FAE04EC0-301F-11D3-BF4B-00C04F79EFBC}") = "ISMLogistics", "ISMLogistics.csproj", "{B7E25959-C464-49DC-99C6-B16E28639953}"
EndProject
Global
	GlobalSection(SolutionConfigurationPlatforms) = preSolution
		Debug|Any CPU = Debug|Any CPU
		Release|Any CPU = Release|Any CPU
	EndGlobalSection
	GlobalSection(ProjectConfigurationPlatforms) = postSolution
		{B7E25959-C464-49DC-99C6-B16E28639953}.Debug|Any CPU.ActiveCfg = Debug|Any CPU
		{B7E25959-C464-49DC-99C6-B16E28639953}.Debug|Any CPU.Build.0 = Debug|Any CPU
		{B7E25959-C464-49DC-99C6-B16E28639953}.Release|Any CPU.ActiveCfg = Release|Any CPU
		{B7E25959-C464-49DC-99C6-B16E28639953}.Release|Any CPU.Build.0 = Release|Any CPU
	EndGlobalSection
	GlobalSection(SolutionProperties) = preSolution
		HideSolutionNode = FALSE
	EndGlobalSection
	GlobalSection(ExtensibilityGlobals) = postSolution
		SolutionGuid = {685C333E-27BB-416F-9793-10F6EC2A5F91}
	EndGlobalSection
EndGlobal
